
Microsoft Visual Studio Solution File, Format Version 12.00
# Visual Studio Version 17
VisualStudioVersion = 17.1.32319.34
MinimumVisualStudioVersion = 10.0.40219.1
Project("{9A19103F-16F7-4668-BE54-9A1E7A4F7556}") = "ChallengeApi", "WebApplication1\ChallengeApi.csproj", "{B768BEDE-A4AC-4B1E-8EE9-5936C96BBB8E}"
EndProject
Project("{9A19103F-16F7-4668-BE54-9A1E7A4F7556}") = "Challenge.Domain.test", "Challenge.Services.test\Challenge.Domain.test.csproj", "{C70157E1-C3F4-4D9E-BA3E-569124708F70}"
EndProject
Project("{9A19103F-16F7-4668-BE54-9A1E7A4F7556}") = "Challenge.Service.test", "Challenge.Service.test\Challenge.Service.test.csproj", "{CBBA73BC-9417-4E83-AF98-DDFC0CE842E2}"
EndProject
Global
	GlobalSection(SolutionConfigurationPlatforms) = preSolution
		Debug|Any CPU = Debug|Any CPU
		Release|Any CPU = Release|Any CPU
	EndGlobalSection
	GlobalSection(ProjectConfigurationPlatforms) = postSolution
		{B768BEDE-A4AC-4B1E-8EE9-5936C96BBB8E}.Debug|Any CPU.ActiveCfg = Debug|Any CPU
		{B768BEDE-A4AC-4B1E-8EE9-5936C96BBB8E}.Debug|Any CPU.Build.0 = Debug|Any CPU
		{B768BEDE-A4AC-4B1E-8EE9-5936C96BBB8E}.Release|Any CPU.ActiveCfg = Release|Any CPU
		{B768BEDE-A4AC-4B1E-8EE9-5936C96BBB8E}.Release|Any CPU.Build.0 = Release|Any CPU
		{C70157E1-C3F4-4D9E-BA3E-569124708F70}.Debug|Any CPU.ActiveCfg = Debug|Any CPU
		{C70157E1-C3F4-4D9E-BA3E-569124708F70}.Debug|Any CPU.Build.0 = Debug|Any CPU
		{C70157E1-C3F4-4D9E-BA3E-569124708F70}.Release|Any CPU.ActiveCfg = Release|Any CPU
		{C70157E1-C3F4-4D9E-BA3E-569124708F70}.Release|Any CPU.Build.0 = Release|Any CPU
		{CBBA73BC-9417-4E83-AF98-DDFC0CE842E2}.Debug|Any CPU.ActiveCfg = Debug|Any CPU
		{CBBA73BC-9417-4E83-AF98-DDFC0CE842E2}.Debug|Any CPU.Build.0 = Debug|Any CPU
		{CBBA73BC-9417-4E83-AF98-DDFC0CE842E2}.Release|Any CPU.ActiveCfg = Release|Any CPU
		{CBBA73BC-9417-4E83-AF98-DDFC0CE842E2}.Release|Any CPU.Build.0 = Release|Any CPU
	EndGlobalSection
	GlobalSection(SolutionProperties) = preSolution
		HideSolutionNode = FALSE
	EndGlobalSection
	GlobalSection(ExtensibilityGlobals) = postSolution
		SolutionGuid = {3E14B7B9-59E8-45CA-9CEB-4C4DC5CAB756}
	EndGlobalSection
EndGlobal
